
Microsoft Visual Studio Solution File, Format Version 12.00
# Visual Studio Version 17
VisualStudioVersion = 17.0.31912.275
MinimumVisualStudioVersion = 10.0.40219.1
Project("{FAE04EC0-301F-11D3-BF4B-00C04F79EFBC}") = "Provedor2.WebAPI", "Provedor2.WebAPI\Provedor2.WebAPI.csproj", "{E5759275-F42A-48CE-A896-42D1D4A81F55}"
EndProject
Global
	GlobalSection(SolutionConfigurationPlatforms) = preSolution
		Debug|Any CPU = Debug|Any CPU
		Release|Any CPU = Release|Any CPU
	EndGlobalSection
	GlobalSection(ProjectConfigurationPlatforms) = postSolution
		{E5759275-F42A-48CE-A896-42D1D4A81F55}.Debug|Any CPU.ActiveCfg = Debug|Any CPU
		{E5759275-F42A-48CE-A896-42D1D4A81F55}.Debug|Any CPU.Build.0 = Debug|Any CPU
		{E5759275-F42A-48CE-A896-42D1D4A81F55}.Release|Any CPU.ActiveCfg = Release|Any CPU
		{E5759275-F42A-48CE-A896-42D1D4A81F55}.Release|Any CPU.Build.0 = Release|Any CPU
	EndGlobalSection
	GlobalSection(SolutionProperties) = preSolution
		HideSolutionNode = FALSE
	EndGlobalSection
	GlobalSection(ExtensibilityGlobals) = postSolution
		SolutionGuid = {C6E22D9C-7F8C-4C61-9C30-BB1124B2B213}
	EndGlobalSection
EndGlobal
